// !$*UTF8*$!
{
	archiveVersion = 1;
	classes = {
	};
	objectVersion = 46;
	objects = {

/* Begin PBXBuildFile section */
		580AE3861AFCE4FE00656BF3 /* AppDelegate.swift in Sources */ = {isa = PBXBuildFile; fileRef = 580AE3851AFCE4FE00656BF3 /* AppDelegate.swift */; };
		580AE3891AFCE4FE00656BF3 /* BitDateAmsterdam.xcdatamodeld in Sources */ = {isa = PBXBuildFile; fileRef = 580AE3871AFCE4FE00656BF3 /* BitDateAmsterdam.xcdatamodeld */; };
		580AE38B1AFCE4FE00656BF3 /* ViewController.swift in Sources */ = {isa = PBXBuildFile; fileRef = 580AE38A1AFCE4FE00656BF3 /* ViewController.swift */; };
		580AE38E1AFCE4FE00656BF3 /* Main.storyboard in Resources */ = {isa = PBXBuildFile; fileRef = 580AE38C1AFCE4FE00656BF3 /* Main.storyboard */; };
		580AE3901AFCE4FE00656BF3 /* Images.xcassets in Resources */ = {isa = PBXBuildFile; fileRef = 580AE38F1AFCE4FE00656BF3 /* Images.xcassets */; };
		580AE3931AFCE4FE00656BF3 /* LaunchScreen.xib in Resources */ = {isa = PBXBuildFile; fileRef = 580AE3911AFCE4FE00656BF3 /* LaunchScreen.xib */; };
		580AE39F1AFCE4FE00656BF3 /* BitDateAmsterdamTests.swift in Sources */ = {isa = PBXBuildFile; fileRef = 580AE39E1AFCE4FE00656BF3 /* BitDateAmsterdamTests.swift */; };
		580AE3AB1AFCE5F900656BF3 /* CardView.swift in Sources */ = {isa = PBXBuildFile; fileRef = 580AE3AA1AFCE5F900656BF3 /* CardView.swift */; };
		580AE3AD1AFCF52300656BF3 /* SwipeView.swift in Sources */ = {isa = PBXBuildFile; fileRef = 580AE3AC1AFCF52300656BF3 /* SwipeView.swift */; };
		580AE3B01AFCF7C900656BF3 /* CardsViewController.swift in Sources */ = {isa = PBXBuildFile; fileRef = 580AE3AF1AFCF7C900656BF3 /* CardsViewController.swift */; };
		589A37DB1B06132900C0665A /* LoginViewController.swift in Sources */ = {isa = PBXBuildFile; fileRef = 589A37DA1B06132900C0665A /* LoginViewController.swift */; };
		58B9BD2E1B0366AC0022C297 /* AudioToolbox.framework in Frameworks */ = {isa = PBXBuildFile; fileRef = 58B9BD2D1B0366AC0022C297 /* AudioToolbox.framework */; };
		58B9BD301B0366BF0022C297 /* CFNetwork.framework in Frameworks */ = {isa = PBXBuildFile; fileRef = 58B9BD2F1B0366BF0022C297 /* CFNetwork.framework */; };
		58B9BD321B0366C80022C297 /* CoreGraphics.framework in Frameworks */ = {isa = PBXBuildFile; fileRef = 58B9BD311B0366C80022C297 /* CoreGraphics.framework */; };
		58B9BD341B0366D20022C297 /* CoreLocation.framework in Frameworks */ = {isa = PBXBuildFile; fileRef = 58B9BD331B0366D20022C297 /* CoreLocation.framework */; };
		58B9BD361B0366D90022C297 /* MobileCoreServices.framework in Frameworks */ = {isa = PBXBuildFile; fileRef = 58B9BD351B0366D90022C297 /* MobileCoreServices.framework */; };
		58B9BD381B0366E70022C297 /* QuartzCore.framework in Frameworks */ = {isa = PBXBuildFile; fileRef = 58B9BD371B0366E70022C297 /* QuartzCore.framework */; };
		58B9BD3A1B0366F70022C297 /* Security.framework in Frameworks */ = {isa = PBXBuildFile; fileRef = 58B9BD391B0366F70022C297 /* Security.framework */; };
		58B9BD3C1B0367090022C297 /* SystemConfiguration.framework in Frameworks */ = {isa = PBXBuildFile; fileRef = 58B9BD3B1B0367090022C297 /* SystemConfiguration.framework */; };
		58B9BD3E1B0367250022C297 /* StoreKit.framework in Frameworks */ = {isa = PBXBuildFile; fileRef = 58B9BD3D1B0367250022C297 /* StoreKit.framework */; };
		58B9BD401B0367510022C297 /* libz.dylib in Frameworks */ = {isa = PBXBuildFile; fileRef = 58B9BD3F1B0367510022C297 /* libz.dylib */; };
		58B9BD421B0367660022C297 /* libsqlite3.dylib in Frameworks */ = {isa = PBXBuildFile; fileRef = 58B9BD411B0367660022C297 /* libsqlite3.dylib */; };
		58B9BD461B03B91E0022C297 /* Parse.framework in Frameworks */ = {isa = PBXBuildFile; fileRef = 58B9BD441B03B91E0022C297 /* Parse.framework */; };
		58B9BD471B03B91E0022C297 /* ParseFacebookUtils.framework in Frameworks */ = {isa = PBXBuildFile; fileRef = 58B9BD451B03B91E0022C297 /* ParseFacebookUtils.framework */; };
		95178AB91520CCA60FC1E0B6 /* libPods.a in Frameworks */ = {isa = PBXBuildFile; fileRef = 6F07E239C307CC9E8D07709B /* libPods.a */; };
/* End PBXBuildFile section */

/* Begin PBXContainerItemProxy section */
		580AE3991AFCE4FE00656BF3 /* PBXContainerItemProxy */ = {
			isa = PBXContainerItemProxy;
			containerPortal = 580AE3781AFCE4FE00656BF3 /* Project object */;
			proxyType = 1;
			remoteGlobalIDString = 580AE37F1AFCE4FE00656BF3;
			remoteInfo = BitDateAmsterdam;
		};
/* End PBXContainerItemProxy section */

/* Begin PBXFileReference section */
		4836BF07F7B6DC2685FC7C0A /* Pods.debug.xcconfig */ = {isa = PBXFileReference; includeInIndex = 1; lastKnownFileType = text.xcconfig; name = Pods.debug.xcconfig; path = "Pods/Target Support Files/Pods/Pods.debug.xcconfig"; sourceTree = "<group>"; };
		580AE3801AFCE4FE00656BF3 /* BitDateAmsterdam.app */ = {isa = PBXFileReference; explicitFileType = wrapper.application; includeInIndex = 0; path = BitDateAmsterdam.app; sourceTree = BUILT_PRODUCTS_DIR; };
		580AE3841AFCE4FE00656BF3 /* Info.plist */ = {isa = PBXFileReference; lastKnownFileType = text.plist.xml; path = Info.plist; sourceTree = "<group>"; };
		580AE3851AFCE4FE00656BF3 /* AppDelegate.swift */ = {isa = PBXFileReference; lastKnownFileType = sourcecode.swift; path = AppDelegate.swift; sourceTree = "<group>"; };
		580AE3881AFCE4FE00656BF3 /* BitDateAmsterdam.xcdatamodel */ = {isa = PBXFileReference; lastKnownFileType = wrapper.xcdatamodel; path = BitDateAmsterdam.xcdatamodel; sourceTree = "<group>"; };
		580AE38A1AFCE4FE00656BF3 /* ViewController.swift */ = {isa = PBXFileReference; lastKnownFileType = sourcecode.swift; path = ViewController.swift; sourceTree = "<group>"; };
		580AE38D1AFCE4FE00656BF3 /* Base */ = {isa = PBXFileReference; lastKnownFileType = file.storyboard; name = Base; path = Base.lproj/Main.storyboard; sourceTree = "<group>"; };
		580AE38F1AFCE4FE00656BF3 /* Images.xcassets */ = {isa = PBXFileReference; lastKnownFileType = folder.assetcatalog; path = Images.xcassets; sourceTree = "<group>"; };
		580AE3921AFCE4FE00656BF3 /* Base */ = {isa = PBXFileReference; lastKnownFileType = file.xib; name = Base; path = Base.lproj/LaunchScreen.xib; sourceTree = "<group>"; };
		580AE3981AFCE4FE00656BF3 /* BitDateAmsterdamTests.xctest */ = {isa = PBXFileReference; explicitFileType = wrapper.cfbundle; includeInIndex = 0; path = BitDateAmsterdamTests.xctest; sourceTree = BUILT_PRODUCTS_DIR; };
		580AE39D1AFCE4FE00656BF3 /* Info.plist */ = {isa = PBXFileReference; lastKnownFileType = text.plist.xml; path = Info.plist; sourceTree = "<group>"; };
		580AE39E1AFCE4FE00656BF3 /* BitDateAmsterdamTests.swift */ = {isa = PBXFileReference; lastKnownFileType = sourcecode.swift; path = BitDateAmsterdamTests.swift; sourceTree = "<group>"; };
		580AE3AA1AFCE5F900656BF3 /* CardView.swift */ = {isa = PBXFileReference; fileEncoding = 4; lastKnownFileType = sourcecode.swift; path = CardView.swift; sourceTree = "<group>"; };
		580AE3AC1AFCF52300656BF3 /* SwipeView.swift */ = {isa = PBXFileReference; fileEncoding = 4; lastKnownFileType = sourcecode.swift; path = SwipeView.swift; sourceTree = "<group>"; };
		580AE3AF1AFCF7C900656BF3 /* CardsViewController.swift */ = {isa = PBXFileReference; fileEncoding = 4; lastKnownFileType = sourcecode.swift; path = CardsViewController.swift; sourceTree = "<group>"; };
		589A37DA1B06132900C0665A /* LoginViewController.swift */ = {isa = PBXFileReference; fileEncoding = 4; lastKnownFileType = sourcecode.swift; path = LoginViewController.swift; sourceTree = "<group>"; };
		58B9BD2D1B0366AC0022C297 /* AudioToolbox.framework */ = {isa = PBXFileReference; lastKnownFileType = wrapper.framework; name = AudioToolbox.framework; path = System/Library/Frameworks/AudioToolbox.framework; sourceTree = SDKROOT; };
		58B9BD2F1B0366BF0022C297 /* CFNetwork.framework */ = {isa = PBXFileReference; lastKnownFileType = wrapper.framework; name = CFNetwork.framework; path = System/Library/Frameworks/CFNetwork.framework; sourceTree = SDKROOT; };
		58B9BD311B0366C80022C297 /* CoreGraphics.framework */ = {isa = PBXFileReference; lastKnownFileType = wrapper.framework; name = CoreGraphics.framework; path = System/Library/Frameworks/CoreGraphics.framework; sourceTree = SDKROOT; };
		58B9BD331B0366D20022C297 /* CoreLocation.framework */ = {isa = PBXFileReference; lastKnownFileType = wrapper.framework; name = CoreLocation.framework; path = System/Library/Frameworks/CoreLocation.framework; sourceTree = SDKROOT; };
		58B9BD351B0366D90022C297 /* MobileCoreServices.framework */ = {isa = PBXFileReference; lastKnownFileType = wrapper.framework; name = MobileCoreServices.framework; path = System/Library/Frameworks/MobileCoreServices.framework; sourceTree = SDKROOT; };
		58B9BD371B0366E70022C297 /* QuartzCore.framework */ = {isa = PBXFileReference; lastKnownFileType = wrapper.framework; name = QuartzCore.framework; path = System/Library/Frameworks/QuartzCore.framework; sourceTree = SDKROOT; };
		58B9BD391B0366F70022C297 /* Security.framework */ = {isa = PBXFileReference; lastKnownFileType = wrapper.framework; name = Security.framework; path = System/Library/Frameworks/Security.framework; sourceTree = SDKROOT; };
		58B9BD3B1B0367090022C297 /* SystemConfiguration.framework */ = {isa = PBXFileReference; lastKnownFileType = wrapper.framework; name = SystemConfiguration.framework; path = System/Library/Frameworks/SystemConfiguration.framework; sourceTree = SDKROOT; };
		58B9BD3D1B0367250022C297 /* StoreKit.framework */ = {isa = PBXFileReference; lastKnownFileType = wrapper.framework; name = StoreKit.framework; path = System/Library/Frameworks/StoreKit.framework; sourceTree = SDKROOT; };
		58B9BD3F1B0367510022C297 /* libz.dylib */ = {isa = PBXFileReference; lastKnownFileType = "compiled.mach-o.dylib"; name = libz.dylib; path = usr/lib/libz.dylib; sourceTree = SDKROOT; };
		58B9BD411B0367660022C297 /* libsqlite3.dylib */ = {isa = PBXFileReference; lastKnownFileType = "compiled.mach-o.dylib"; name = libsqlite3.dylib; path = usr/lib/libsqlite3.dylib; sourceTree = SDKROOT; };
		58B9BD431B03B6870022C297 /* Bridging-Header.h */ = {isa = PBXFileReference; lastKnownFileType = sourcecode.c.h; path = "Bridging-Header.h"; sourceTree = "<group>"; };
		58B9BD441B03B91E0022C297 /* Parse.framework */ = {isa = PBXFileReference; lastKnownFileType = wrapper.framework; name = Parse.framework; path = "../../../../Downloads/parse-library-1.7.2/Parse.framework"; sourceTree = "<group>"; };
		58B9BD451B03B91E0022C297 /* ParseFacebookUtils.framework */ = {isa = PBXFileReference; lastKnownFileType = wrapper.framework; name = ParseFacebookUtils.framework; path = "../../../../Downloads/parse-library-1.7.2/ParseFacebookUtils.framework"; sourceTree = "<group>"; };
		6F07E239C307CC9E8D07709B /* libPods.a */ = {isa = PBXFileReference; explicitFileType = archive.ar; includeInIndex = 0; path = libPods.a; sourceTree = BUILT_PRODUCTS_DIR; };
		776D5412C987B5C142B4183F /* Pods.release.xcconfig */ = {isa = PBXFileReference; includeInIndex = 1; lastKnownFileType = text.xcconfig; name = Pods.release.xcconfig; path = "Pods/Target Support Files/Pods/Pods.release.xcconfig"; sourceTree = "<group>"; };
/* End PBXFileReference section */

/* Begin PBXFrameworksBuildPhase section */
		580AE37D1AFCE4FE00656BF3 /* Frameworks */ = {
			isa = PBXFrameworksBuildPhase;
			buildActionMask = 2147483647;
			files = (
				58B9BD421B0367660022C297 /* libsqlite3.dylib in Frameworks */,
				58B9BD401B0367510022C297 /* libz.dylib in Frameworks */,
				58B9BD3C1B0367090022C297 /* SystemConfiguration.framework in Frameworks */,
				58B9BD3E1B0367250022C297 /* StoreKit.framework in Frameworks */,
				58B9BD3A1B0366F70022C297 /* Security.framework in Frameworks */,
				58B9BD381B0366E70022C297 /* QuartzCore.framework in Frameworks */,
				58B9BD361B0366D90022C297 /* MobileCoreServices.framework in Frameworks */,
				58B9BD341B0366D20022C297 /* CoreLocation.framework in Frameworks */,
				58B9BD321B0366C80022C297 /* CoreGraphics.framework in Frameworks */,
				58B9BD301B0366BF0022C297 /* CFNetwork.framework in Frameworks */,
				58B9BD461B03B91E0022C297 /* Parse.framework in Frameworks */,
				58B9BD2E1B0366AC0022C297 /* AudioToolbox.framework in Frameworks */,
				58B9BD471B03B91E0022C297 /* ParseFacebookUtils.framework in Frameworks */,
				95178AB91520CCA60FC1E0B6 /* libPods.a in Frameworks */,
			);
			runOnlyForDeploymentPostprocessing = 0;
		};
		580AE3951AFCE4FE00656BF3 /* Frameworks */ = {
			isa = PBXFrameworksBuildPhase;
			buildActionMask = 2147483647;
			files = (
			);
			runOnlyForDeploymentPostprocessing = 0;
		};
/* End PBXFrameworksBuildPhase section */

/* Begin PBXGroup section */
		580AE3771AFCE4FE00656BF3 = {
			isa = PBXGroup;
			children = (
				580AE3821AFCE4FE00656BF3 /* BitDateAmsterdam */,
				58B9BD281B0366000022C297 /* Frameworks */,
				580AE39B1AFCE4FE00656BF3 /* BitDateAmsterdamTests */,
				580AE3811AFCE4FE00656BF3 /* Products */,
				62F050D54234BA7DB6DDC4C3 /* Pods */,
			);
			sourceTree = "<group>";
		};
		580AE3811AFCE4FE00656BF3 /* Products */ = {
			isa = PBXGroup;
			children = (
				580AE3801AFCE4FE00656BF3 /* BitDateAmsterdam.app */,
				580AE3981AFCE4FE00656BF3 /* BitDateAmsterdamTests.xctest */,
			);
			name = Products;
			sourceTree = "<group>";
		};
		580AE3821AFCE4FE00656BF3 /* BitDateAmsterdam */ = {
			isa = PBXGroup;
			children = (
				580AE3AE1AFCF79300656BF3 /* ViewControllers */,
				580AE3A91AFCE5A600656BF3 /* views */,
				580AE3851AFCE4FE00656BF3 /* AppDelegate.swift */,
				580AE38C1AFCE4FE00656BF3 /* Main.storyboard */,
				580AE38F1AFCE4FE00656BF3 /* Images.xcassets */,
				580AE3911AFCE4FE00656BF3 /* LaunchScreen.xib */,
				580AE3871AFCE4FE00656BF3 /* BitDateAmsterdam.xcdatamodeld */,
				580AE3831AFCE4FE00656BF3 /* Supporting Files */,
			);
			path = BitDateAmsterdam;
			sourceTree = "<group>";
		};
		580AE3831AFCE4FE00656BF3 /* Supporting Files */ = {
			isa = PBXGroup;
			children = (
				580AE3841AFCE4FE00656BF3 /* Info.plist */,
				58B9BD431B03B6870022C297 /* Bridging-Header.h */,
			);
			name = "Supporting Files";
			sourceTree = "<group>";
		};
		580AE39B1AFCE4FE00656BF3 /* BitDateAmsterdamTests */ = {
			isa = PBXGroup;
			children = (
				580AE39E1AFCE4FE00656BF3 /* BitDateAmsterdamTests.swift */,
				580AE39C1AFCE4FE00656BF3 /* Supporting Files */,
			);
			path = BitDateAmsterdamTests;
			sourceTree = "<group>";
		};
		580AE39C1AFCE4FE00656BF3 /* Supporting Files */ = {
			isa = PBXGroup;
			children = (
				580AE39D1AFCE4FE00656BF3 /* Info.plist */,
			);
			name = "Supporting Files";
			sourceTree = "<group>";
		};
		580AE3A91AFCE5A600656BF3 /* views */ = {
			isa = PBXGroup;
			children = (
				580AE3AA1AFCE5F900656BF3 /* CardView.swift */,
				580AE3AC1AFCF52300656BF3 /* SwipeView.swift */,
			);
			name = views;
			sourceTree = "<group>";
		};
		580AE3AE1AFCF79300656BF3 /* ViewControllers */ = {
			isa = PBXGroup;
			children = (
				589A37DA1B06132900C0665A /* LoginViewController.swift */,
				580AE38A1AFCE4FE00656BF3 /* ViewController.swift */,
				580AE3AF1AFCF7C900656BF3 /* CardsViewController.swift */,
			);
			name = ViewControllers;
			sourceTree = "<group>";
		};
		58B9BD281B0366000022C297 /* Frameworks */ = {
			isa = PBXGroup;
			children = (
				58B9BD411B0367660022C297 /* libsqlite3.dylib */,
				58B9BD3F1B0367510022C297 /* libz.dylib */,
				58B9BD441B03B91E0022C297 /* Parse.framework */,
				58B9BD451B03B91E0022C297 /* ParseFacebookUtils.framework */,
				58B9BD3D1B0367250022C297 /* StoreKit.framework */,
				58B9BD3B1B0367090022C297 /* SystemConfiguration.framework */,
				58B9BD391B0366F70022C297 /* Security.framework */,
				58B9BD371B0366E70022C297 /* QuartzCore.framework */,
				58B9BD351B0366D90022C297 /* MobileCoreServices.framework */,
				58B9BD331B0366D20022C297 /* CoreLocation.framework */,
				58B9BD311B0366C80022C297 /* CoreGraphics.framework */,
				58B9BD2F1B0366BF0022C297 /* CFNetwork.framework */,
				58B9BD2D1B0366AC0022C297 /* AudioToolbox.framework */,
				6F07E239C307CC9E8D07709B /* libPods.a */,
			);
			name = Frameworks;
			path = BitDateAmsterdam;
			sourceTree = "<group>";
		};
		62F050D54234BA7DB6DDC4C3 /* Pods */ = {
			isa = PBXGroup;
			children = (
				4836BF07F7B6DC2685FC7C0A /* Pods.debug.xcconfig */,
				776D5412C987B5C142B4183F /* Pods.release.xcconfig */,
			);
			name = Pods;
			sourceTree = "<group>";
		};
/* End PBXGroup section */

/* Begin PBXNativeTarget section */
		580AE37F1AFCE4FE00656BF3 /* BitDateAmsterdam */ = {
			isa = PBXNativeTarget;
			buildConfigurationList = 580AE3A21AFCE4FE00656BF3 /* Build configuration list for PBXNativeTarget "BitDateAmsterdam" */;
			buildPhases = (
				8751B243362A335F61A2D6FC /* Check Pods Manifest.lock */,
				580AE37C1AFCE4FE00656BF3 /* Sources */,
				580AE37D1AFCE4FE00656BF3 /* Frameworks */,
				580AE37E1AFCE4FE00656BF3 /* Resources */,
				CB66217C14F2EDDD7444DF09 /* Copy Pods Resources */,
			);
			buildRules = (
			);
			dependencies = (
			);
			name = BitDateAmsterdam;
			productName = BitDateAmsterdam;
			productReference = 580AE3801AFCE4FE00656BF3 /* BitDateAmsterdam.app */;
			productType = "com.apple.product-type.application";
		};
		580AE3971AFCE4FE00656BF3 /* BitDateAmsterdamTests */ = {
			isa = PBXNativeTarget;
			buildConfigurationList = 580AE3A51AFCE4FE00656BF3 /* Build configuration list for PBXNativeTarget "BitDateAmsterdamTests" */;
			buildPhases = (
				580AE3941AFCE4FE00656BF3 /* Sources */,
				580AE3951AFCE4FE00656BF3 /* Frameworks */,
				580AE3961AFCE4FE00656BF3 /* Resources */,
			);
			buildRules = (
			);
			dependencies = (
				580AE39A1AFCE4FE00656BF3 /* PBXTargetDependency */,
			);
			name = BitDateAmsterdamTests;
			productName = BitDateAmsterdamTests;
			productReference = 580AE3981AFCE4FE00656BF3 /* BitDateAmsterdamTests.xctest */;
			productType = "com.apple.product-type.bundle.unit-test";
		};
/* End PBXNativeTarget section */

/* Begin PBXProject section */
		580AE3781AFCE4FE00656BF3 /* Project object */ = {
			isa = PBXProject;
			attributes = {
				LastUpgradeCheck = 0630;
				ORGANIZATIONNAME = "Vincent van Leeuwen";
				TargetAttributes = {
					580AE37F1AFCE4FE00656BF3 = {
						CreatedOnToolsVersion = 6.3;
					};
					580AE3971AFCE4FE00656BF3 = {
						CreatedOnToolsVersion = 6.3;
						TestTargetID = 580AE37F1AFCE4FE00656BF3;
					};
				};
			};
			buildConfigurationList = 580AE37B1AFCE4FE00656BF3 /* Build configuration list for PBXProject "BitDateAmsterdam" */;
			compatibilityVersion = "Xcode 3.2";
			developmentRegion = English;
			hasScannedForEncodings = 0;
			knownRegions = (
				en,
				Base,
			);
			mainGroup = 580AE3771AFCE4FE00656BF3;
			productRefGroup = 580AE3811AFCE4FE00656BF3 /* Products */;
			projectDirPath = "";
			projectRoot = "";
			targets = (
				580AE37F1AFCE4FE00656BF3 /* BitDateAmsterdam */,
				580AE3971AFCE4FE00656BF3 /* BitDateAmsterdamTests */,
			);
		};
/* End PBXProject section */

/* Begin PBXResourcesBuildPhase section */
		580AE37E1AFCE4FE00656BF3 /* Resources */ = {
			isa = PBXResourcesBuildPhase;
			buildActionMask = 2147483647;
			files = (
				580AE38E1AFCE4FE00656BF3 /* Main.storyboard in Resources */,
				580AE3931AFCE4FE00656BF3 /* LaunchScreen.xib in Resources */,
				580AE3901AFCE4FE00656BF3 /* Images.xcassets in Resources */,
			);
			runOnlyForDeploymentPostprocessing = 0;
		};
		580AE3961AFCE4FE00656BF3 /* Resources */ = {
			isa = PBXResourcesBuildPhase;
			buildActionMask = 2147483647;
			files = (
			);
			runOnlyForDeploymentPostprocessing = 0;
		};
/* End PBXResourcesBuildPhase section */

/* Begin PBXShellScriptBuildPhase section */
		8751B243362A335F61A2D6FC /* Check Pods Manifest.lock */ = {
			isa = PBXShellScriptBuildPhase;
			buildActionMask = 2147483647;
			files = (
			);
			inputPaths = (
			);
			name = "Check Pods Manifest.lock";
			outputPaths = (
			);
			runOnlyForDeploymentPostprocessing = 0;
			shellPath = /bin/sh;
			shellScript = "diff \"${PODS_ROOT}/../Podfile.lock\" \"${PODS_ROOT}/Manifest.lock\" > /dev/null\nif [[ $? != 0 ]] ; then\n    cat << EOM\nerror: The sandbox is not in sync with the Podfile.lock. Run 'pod install' or update your CocoaPods installation.\nEOM\n    exit 1\nfi\n";
			showEnvVarsInLog = 0;
		};
		CB66217C14F2EDDD7444DF09 /* Copy Pods Resources */ = {
			isa = PBXShellScriptBuildPhase;
			buildActionMask = 2147483647;
			files = (
			);
			inputPaths = (
			);
			name = "Copy Pods Resources";
			outputPaths = (
			);
			runOnlyForDeploymentPostprocessing = 0;
			shellPath = /bin/sh;
			shellScript = "\"${SRCROOT}/Pods/Target Support Files/Pods/Pods-resources.sh\"\n";
			showEnvVarsInLog = 0;
		};
/* End PBXShellScriptBuildPhase section */

/* Begin PBXSourcesBuildPhase section */
		580AE37C1AFCE4FE00656BF3 /* Sources */ = {
			isa = PBXSourcesBuildPhase;
			buildActionMask = 2147483647;
			files = (
				589A37DB1B06132900C0665A /* LoginViewController.swift in Sources */,
				580AE38B1AFCE4FE00656BF3 /* ViewController.swift in Sources */,
				580AE3891AFCE4FE00656BF3 /* BitDateAmsterdam.xcdatamodeld in Sources */,
				580AE3B01AFCF7C900656BF3 /* CardsViewController.swift in Sources */,
				580AE3AB1AFCE5F900656BF3 /* CardView.swift in Sources */,
				580AE3AD1AFCF52300656BF3 /* SwipeView.swift in Sources */,
				580AE3861AFCE4FE00656BF3 /* AppDelegate.swift in Sources */,
			);
			runOnlyForDeploymentPostprocessing = 0;
		};
		580AE3941AFCE4FE00656BF3 /* Sources */ = {
			isa = PBXSourcesBuildPhase;
			buildActionMask = 2147483647;
			files = (
				580AE39F1AFCE4FE00656BF3 /* BitDateAmsterdamTests.swift in Sources */,
			);
			runOnlyForDeploymentPostprocessing = 0;
		};
/* End PBXSourcesBuildPhase section */

/* Begin PBXTargetDependency section */
		580AE39A1AFCE4FE00656BF3 /* PBXTargetDependency */ = {
			isa = PBXTargetDependency;
			target = 580AE37F1AFCE4FE00656BF3 /* BitDateAmsterdam */;
			targetProxy = 580AE3991AFCE4FE00656BF3 /* PBXContainerItemProxy */;
		};
/* End PBXTargetDependency section */

/* Begin PBXVariantGroup section */
		580AE38C1AFCE4FE00656BF3 /* Main.storyboard */ = {
			isa = PBXVariantGroup;
			children = (
				580AE38D1AFCE4FE00656BF3 /* Base */,
			);
			name = Main.storyboard;
			sourceTree = "<group>";
		};
		580AE3911AFCE4FE00656BF3 /* LaunchScreen.xib */ = {
			isa = PBXVariantGroup;
			children = (
				580AE3921AFCE4FE00656BF3 /* Base */,
			);
			name = LaunchScreen.xib;
			sourceTree = "<group>";
		};
/* End PBXVariantGroup section */

/* Begin XCBuildConfiguration section */
		580AE3A01AFCE4FE00656BF3 /* Debug */ = {
			isa = XCBuildConfiguration;
			buildSettings = {
				ALWAYS_SEARCH_USER_PATHS = NO;
				CLANG_CXX_LANGUAGE_STANDARD = "gnu++0x";
				CLANG_CXX_LIBRARY = "libc++";
				CLANG_ENABLE_MODULES = YES;
				CLANG_ENABLE_OBJC_ARC = YES;
				CLANG_WARN_BOOL_CONVERSION = YES;
				CLANG_WARN_CONSTANT_CONVERSION = YES;
				CLANG_WARN_DIRECT_OBJC_ISA_USAGE = YES_ERROR;
				CLANG_WARN_EMPTY_BODY = YES;
				CLANG_WARN_ENUM_CONVERSION = YES;
				CLANG_WARN_INT_CONVERSION = YES;
				CLANG_WARN_OBJC_ROOT_CLASS = YES_ERROR;
				CLANG_WARN_UNREACHABLE_CODE = YES;
				CLANG_WARN__DUPLICATE_METHOD_MATCH = YES;
				"CODE_SIGN_IDENTITY[sdk=iphoneos*]" = "iPhone Developer";
				COPY_PHASE_STRIP = NO;
				DEBUG_INFORMATION_FORMAT = "dwarf-with-dsym";
				ENABLE_STRICT_OBJC_MSGSEND = YES;
				GCC_C_LANGUAGE_STANDARD = gnu99;
				GCC_DYNAMIC_NO_PIC = NO;
				GCC_NO_COMMON_BLOCKS = YES;
				GCC_OPTIMIZATION_LEVEL = 0;
				GCC_PREPROCESSOR_DEFINITIONS = (
					"DEBUG=1",
					"$(inherited)",
				);
				GCC_SYMBOLS_PRIVATE_EXTERN = NO;
				GCC_WARN_64_TO_32_BIT_CONVERSION = YES;
				GCC_WARN_ABOUT_RETURN_TYPE = YES_ERROR;
				GCC_WARN_UNDECLARED_SELECTOR = YES;
				GCC_WARN_UNINITIALIZED_AUTOS = YES_AGGRESSIVE;
				GCC_WARN_UNUSED_FUNCTION = YES;
				GCC_WARN_UNUSED_VARIABLE = YES;
				IPHONEOS_DEPLOYMENT_TARGET = 8.3;
				MTL_ENABLE_DEBUG_INFO = YES;
				ONLY_ACTIVE_ARCH = YES;
				SDKROOT = iphoneos;
				SWIFT_OPTIMIZATION_LEVEL = "-Onone";
				TARGETED_DEVICE_FAMILY = "1,2";
			};
			name = Debug;
		};
		580AE3A11AFCE4FE00656BF3 /* Release */ = {
			isa = XCBuildConfiguration;
			buildSettings = {
				ALWAYS_SEARCH_USER_PATHS = NO;
				CLANG_CXX_LANGUAGE_STANDARD = "gnu++0x";
				CLANG_CXX_LIBRARY = "libc++";
				CLANG_ENABLE_MODULES = YES;
				CLANG_ENABLE_OBJC_ARC = YES;
				CLANG_WARN_BOOL_CONVERSION = YES;
				CLANG_WARN_CONSTANT_CONVERSION = YES;
				CLANG_WARN_DIRECT_OBJC_ISA_USAGE = YES_ERROR;
				CLANG_WARN_EMPTY_BODY = YES;
				CLANG_WARN_ENUM_CONVERSION = YES;
				CLANG_WARN_INT_CONVERSION = YES;
				CLANG_WARN_OBJC_ROOT_CLASS = YES_ERROR;
				CLANG_WARN_UNREACHABLE_CODE = YES;
				CLANG_WARN__DUPLICATE_METHOD_MATCH = YES;
				"CODE_SIGN_IDENTITY[sdk=iphoneos*]" = "iPhone Developer";
				COPY_PHASE_STRIP = NO;
				DEBUG_INFORMATION_FORMAT = "dwarf-with-dsym";
				ENABLE_NS_ASSERTIONS = NO;
				ENABLE_STRICT_OBJC_MSGSEND = YES;
				GCC_C_LANGUAGE_STANDARD = gnu99;
				GCC_NO_COMMON_BLOCKS = YES;
				GCC_WARN_64_TO_32_BIT_CONVERSION = YES;
				GCC_WARN_ABOUT_RETURN_TYPE = YES_ERROR;
				GCC_WARN_UNDECLARED_SELECTOR = YES;
				GCC_WARN_UNINITIALIZED_AUTOS = YES_AGGRESSIVE;
				GCC_WARN_UNUSED_FUNCTION = YES;
				GCC_WARN_UNUSED_VARIABLE = YES;
				IPHONEOS_DEPLOYMENT_TARGET = 8.3;
				MTL_ENABLE_DEBUG_INFO = NO;
				SDKROOT = iphoneos;
				TARGETED_DEVICE_FAMILY = "1,2";
				VALIDATE_PRODUCT = YES;
			};
			name = Release;
		};
		580AE3A31AFCE4FE00656BF3 /* Debug */ = {
			isa = XCBuildConfiguration;
			baseConfigurationReference = 4836BF07F7B6DC2685FC7C0A /* Pods.debug.xcconfig */;
			buildSettings = {
				ASSETCATALOG_COMPILER_APPICON_NAME = AppIcon;
				FRAMEWORK_SEARCH_PATHS = (
					"$(inherited)",
					"/Users/vincentvanleeuwen/Downloads/parse-library-1.6.5",
					"/Users/vincentvanleeuwen/Downloads/parse-library-1.7.2",
				);
				INFOPLIST_FILE = BitDateAmsterdam/Info.plist;
				LD_RUNPATH_SEARCH_PATHS = "$(inherited) @executable_path/Frameworks";
				PRODUCT_NAME = "$(TARGET_NAME)";
				SWIFT_OBJC_BRIDGING_HEADER = "BitDateAmsterdam/Bridging-Header.h";
			};
			name = Debug;
		};
		580AE3A41AFCE4FE00656BF3 /* Release */ = {
			isa = XCBuildConfiguration;
			baseConfigurationReference = 776D5412C987B5C142B4183F /* Pods.release.xcconfig */;
			buildSettings = {
				ASSETCATALOG_COMPILER_APPICON_NAME = AppIcon;
				FRAMEWORK_SEARCH_PATHS = (
					"$(inherited)",
					"/Users/vincentvanleeuwen/Downloads/parse-library-1.6.5",
					"/Users/vincentvanleeuwen/Downloads/parse-library-1.7.2",
				);
				INFOPLIST_FILE = BitDateAmsterdam/Info.plist;
				LD_RUNPATH_SEARCH_PATHS = "$(inherited) @executable_path/Frameworks";
				PRODUCT_NAME = "$(TARGET_NAME)";
				SWIFT_OBJC_BRIDGING_HEADER = "BitDateAmsterdam/Bridging-Header.h";
			};
			name = Release;
		};
		580AE3A61AFCE4FE00656BF3 /* Debug */ = {
			isa = XCBuildConfiguration;
			buildSettings = {
				BUNDLE_LOADER = "$(TEST_HOST)";
				FRAMEWORK_SEARCH_PATHS = (
					"$(SDKROOT)/Developer/Library/Frameworks",
					"$(inherited)",
				);
				GCC_PREPROCESSOR_DEFINITIONS = (
					"DEBUG=1",
					"$(inherited)",
				);
				INFOPLIST_FILE = BitDateAmsterdamTests/Info.plist;
				LD_RUNPATH_SEARCH_PATHS = "$(inherited) @executable_path/Frameworks @loader_path/Frameworks";
				PRODUCT_NAME = "$(TARGET_NAME)";
				TEST_HOST = "$(BUILT_PRODUCTS_DIR)/BitDateAmsterdam.app/BitDateAmsterdam";
			};
			name = Debug;
		};
		580AE3A71AFCE4FE00656BF3 /* Release */ = {
			isa = XCBuildConfiguration;
			buildSettings = {
				BUNDLE_LOADER = "$(TEST_HOST)";
				FRAMEWORK_SEARCH_PATHS = (
					"$(SDKROOT)/Developer/Library/Frameworks",
					"$(inherited)",
				);
				INFOPLIST_FILE = BitDateAmsterdamTests/Info.plist;
				LD_RUNPATH_SEARCH_PATHS = "$(inherited) @executable_path/Frameworks @loader_path/Frameworks";
				PRODUCT_NAME = "$(TARGET_NAME)";
				TEST_HOST = "$(BUILT_PRODUCTS_DIR)/BitDateAmsterdam.app/BitDateAmsterdam";
			};
			name = Release;
		};
/* End XCBuildConfiguration section */

/* Begin XCConfigurationList section */
		580AE37B1AFCE4FE00656BF3 /* Build configuration list for PBXProject "BitDateAmsterdam" */ = {
			isa = XCConfigurationList;
			buildConfigurations = (
				580AE3A01AFCE4FE00656BF3 /* Debug */,
				580AE3A11AFCE4FE00656BF3 /* Release */,
			);
			defaultConfigurationIsVisible = 0;
			defaultConfigurationName = Release;
		};
		580AE3A21AFCE4FE00656BF3 /* Build configuration list for PBXNativeTarget "BitDateAmsterdam" */ = {
			isa = XCConfigurationList;
			buildConfigurations = (
				580AE3A31AFCE4FE00656BF3 /* Debug */,
				580AE3A41AFCE4FE00656BF3 /* Release */,
			);
			defaultConfigurationIsVisible = 0;
			defaultConfigurationName = Release;
		};
		580AE3A51AFCE4FE00656BF3 /* Build configuration list for PBXNativeTarget "BitDateAmsterdamTests" */ = {
			isa = XCConfigurationList;
			buildConfigurations = (
				580AE3A61AFCE4FE00656BF3 /* Debug */,
				580AE3A71AFCE4FE00656BF3 /* Release */,
			);
			defaultConfigurationIsVisible = 0;
			defaultConfigurationName = Release;
		};
/* End XCConfigurationList section */

/* Begin XCVersionGroup section */
		580AE3871AFCE4FE00656BF3 /* BitDateAmsterdam.xcdatamodeld */ = {
			isa = XCVersionGroup;
			children = (
				580AE3881AFCE4FE00656BF3 /* BitDateAmsterdam.xcdatamodel */,
			);
			currentVersion = 580AE3881AFCE4FE00656BF3 /* BitDateAmsterdam.xcdatamodel */;
			path = BitDateAmsterdam.xcdatamodeld;
			sourceTree = "<group>";
			versionGroupType = wrapper.xcdatamodel;
		};
/* End XCVersionGroup section */
	};
	rootObject = 580AE3781AFCE4FE00656BF3 /* Project object */;
}
